
Microsoft Visual Studio Solution File, Format Version 12.00
# Visual Studio Version 17
VisualStudioVersion = 17.6.33801.468
MinimumVisualStudioVersion = 10.0.40219.1
Project("{FAE04EC0-301F-11D3-BF4B-00C04F79EFBC}") = "HttpClientExample", "HttpClientExample.csproj", "{2439440D-26BF-4E97-A19D-16710D51F325}"
EndProject
Global
	GlobalSection(SolutionConfigurationPlatforms) = preSolution
		Debug|Any CPU = Debug|Any CPU
		Release|Any CPU = Release|Any CPU
	EndGlobalSection
	GlobalSection(ProjectConfigurationPlatforms) = postSolution
		{2439440D-26BF-4E97-A19D-16710D51F325}.Debug|Any CPU.ActiveCfg = Debug|Any CPU
		{2439440D-26BF-4E97-A19D-16710D51F325}.Debug|Any CPU.Build.0 = Debug|Any CPU
		{2439440D-26BF-4E97-A19D-16710D51F325}.Release|Any CPU.ActiveCfg = Release|Any CPU
		{2439440D-26BF-4E97-A19D-16710D51F325}.Release|Any CPU.Build.0 = Release|Any CPU
	EndGlobalSection
	GlobalSection(SolutionProperties) = preSolution
		HideSolutionNode = FALSE
	EndGlobalSection
	GlobalSection(ExtensibilityGlobals) = postSolution
		SolutionGuid = {7F1007AC-70C4-488F-8D95-40FE06D1E785}
	EndGlobalSection
EndGlobal
