
Microsoft Visual Studio Solution File, Format Version 12.00
# Visual Studio Version 17
VisualStudioVersion = 17.5.33502.453
MinimumVisualStudioVersion = 10.0.40219.1
Project("{FAE04EC0-301F-11D3-BF4B-00C04F79EFBC}") = "EntityFrameworkPatterns", "EntityFrameworkPatterns.csproj", "{128EA8D8-1E7F-4ADD-B3DA-7E7CEA2D8FBE}"
EndProject
Global
	GlobalSection(SolutionConfigurationPlatforms) = preSolution
		Debug|Any CPU = Debug|Any CPU
		Release|Any CPU = Release|Any CPU
	EndGlobalSection
	GlobalSection(ProjectConfigurationPlatforms) = postSolution
		{128EA8D8-1E7F-4ADD-B3DA-7E7CEA2D8FBE}.Debug|Any CPU.ActiveCfg = Debug|Any CPU
		{128EA8D8-1E7F-4ADD-B3DA-7E7CEA2D8FBE}.Debug|Any CPU.Build.0 = Debug|Any CPU
		{128EA8D8-1E7F-4ADD-B3DA-7E7CEA2D8FBE}.Release|Any CPU.ActiveCfg = Release|Any CPU
		{128EA8D8-1E7F-4ADD-B3DA-7E7CEA2D8FBE}.Release|Any CPU.Build.0 = Release|Any CPU
	EndGlobalSection
	GlobalSection(SolutionProperties) = preSolution
		HideSolutionNode = FALSE
	EndGlobalSection
	GlobalSection(ExtensibilityGlobals) = postSolution
		SolutionGuid = {D3104A45-97A8-4734-AE74-96CBD17D4E3E}
	EndGlobalSection
EndGlobal
