
Microsoft Visual Studio Solution File, Format Version 12.00
# Visual Studio Version 17
VisualStudioVersion = 17.5.33530.505
MinimumVisualStudioVersion = 10.0.40219.1
Project("{FAE04EC0-301F-11D3-BF4B-00C04F79EFBC}") = "BucksCoffeeShop", "BucksCoffeeShop.csproj", "{D102810C-8940-44D3-B93D-4DD738A941EF}"
EndProject
Global
	GlobalSection(SolutionConfigurationPlatforms) = preSolution
		Debug|Any CPU = Debug|Any CPU
		Release|Any CPU = Release|Any CPU
	EndGlobalSection
	GlobalSection(ProjectConfigurationPlatforms) = postSolution
		{D102810C-8940-44D3-B93D-4DD738A941EF}.Debug|Any CPU.ActiveCfg = Debug|Any CPU
		{D102810C-8940-44D3-B93D-4DD738A941EF}.Debug|Any CPU.Build.0 = Debug|Any CPU
		{D102810C-8940-44D3-B93D-4DD738A941EF}.Release|Any CPU.ActiveCfg = Release|Any CPU
		{D102810C-8940-44D3-B93D-4DD738A941EF}.Release|Any CPU.Build.0 = Release|Any CPU
	EndGlobalSection
	GlobalSection(SolutionProperties) = preSolution
		HideSolutionNode = FALSE
	EndGlobalSection
	GlobalSection(ExtensibilityGlobals) = postSolution
		SolutionGuid = {851BB87F-B78E-4AEC-9D49-CD4E4B57C9ED}
	EndGlobalSection
EndGlobal
