
Microsoft Visual Studio Solution File, Format Version 12.00
# Visual Studio Version 17
VisualStudioVersion = 17.5.33516.290
MinimumVisualStudioVersion = 10.0.40219.1
Project("{9A19103F-16F7-4668-BE54-9A1E7A4F7556}") = "ThemePark", "ThemePark\ThemePark.csproj", "{EE85D213-18D9-4BB2-A018-7C8053F10476}"
EndProject
Project("{9A19103F-16F7-4668-BE54-9A1E7A4F7556}") = "ThemePark.Tests", "ThemePark.Tests\ThemePark.Tests.csproj", "{4BE72E89-6C67-469D-8D0D-B930FDC76691}"
EndProject
Project("{FAE04EC0-301F-11D3-BF4B-00C04F79EFBC}") = "ThemePark.Services", "ThemePark.Services\ThemePark.Services.csproj", "{419BD297-BBBB-4D06-A0E3-BC720FE654E4}"
EndProject
Project("{FAE04EC0-301F-11D3-BF4B-00C04F79EFBC}") = "ThemePark.Data", "ThemePark.Data\ThemePark.Data.csproj", "{8EB6F282-CE59-4F45-AB3E-BE84F6D8C4E8}"
EndProject
Project("{FAE04EC0-301F-11D3-BF4B-00C04F79EFBC}") = "ThemePark.Api", "ThemePark.Api\ThemePark.Api.csproj", "{CA28D0C9-615E-41ED-BD73-E0FDBB8F2B2D}"
EndProject
Project("{FAE04EC0-301F-11D3-BF4B-00C04F79EFBC}") = "ThemePark.Api.Tests", "ThemePark.Api.Tests\ThemePark.Api.Tests.csproj", "{2206CC25-CB53-4681-BFCB-8EF5AEF17580}"
EndProject
Global
	GlobalSection(SolutionConfigurationPlatforms) = preSolution
		Debug|Any CPU = Debug|Any CPU
		Release|Any CPU = Release|Any CPU
	EndGlobalSection
	GlobalSection(ProjectConfigurationPlatforms) = postSolution
		{EE85D213-18D9-4BB2-A018-7C8053F10476}.Debug|Any CPU.ActiveCfg = Debug|Any CPU
		{EE85D213-18D9-4BB2-A018-7C8053F10476}.Debug|Any CPU.Build.0 = Debug|Any CPU
		{EE85D213-18D9-4BB2-A018-7C8053F10476}.Release|Any CPU.ActiveCfg = Release|Any CPU
		{EE85D213-18D9-4BB2-A018-7C8053F10476}.Release|Any CPU.Build.0 = Release|Any CPU
		{4BE72E89-6C67-469D-8D0D-B930FDC76691}.Debug|Any CPU.ActiveCfg = Debug|Any CPU
		{4BE72E89-6C67-469D-8D0D-B930FDC76691}.Debug|Any CPU.Build.0 = Debug|Any CPU
		{4BE72E89-6C67-469D-8D0D-B930FDC76691}.Release|Any CPU.ActiveCfg = Release|Any CPU
		{4BE72E89-6C67-469D-8D0D-B930FDC76691}.Release|Any CPU.Build.0 = Release|Any CPU
		{419BD297-BBBB-4D06-A0E3-BC720FE654E4}.Debug|Any CPU.ActiveCfg = Debug|Any CPU
		{419BD297-BBBB-4D06-A0E3-BC720FE654E4}.Debug|Any CPU.Build.0 = Debug|Any CPU
		{419BD297-BBBB-4D06-A0E3-BC720FE654E4}.Release|Any CPU.ActiveCfg = Release|Any CPU
		{419BD297-BBBB-4D06-A0E3-BC720FE654E4}.Release|Any CPU.Build.0 = Release|Any CPU
		{8EB6F282-CE59-4F45-AB3E-BE84F6D8C4E8}.Debug|Any CPU.ActiveCfg = Debug|Any CPU
		{8EB6F282-CE59-4F45-AB3E-BE84F6D8C4E8}.Debug|Any CPU.Build.0 = Debug|Any CPU
		{8EB6F282-CE59-4F45-AB3E-BE84F6D8C4E8}.Release|Any CPU.ActiveCfg = Release|Any CPU
		{8EB6F282-CE59-4F45-AB3E-BE84F6D8C4E8}.Release|Any CPU.Build.0 = Release|Any CPU
		{CA28D0C9-615E-41ED-BD73-E0FDBB8F2B2D}.Debug|Any CPU.ActiveCfg = Debug|Any CPU
		{CA28D0C9-615E-41ED-BD73-E0FDBB8F2B2D}.Debug|Any CPU.Build.0 = Debug|Any CPU
		{CA28D0C9-615E-41ED-BD73-E0FDBB8F2B2D}.Release|Any CPU.ActiveCfg = Release|Any CPU
		{CA28D0C9-615E-41ED-BD73-E0FDBB8F2B2D}.Release|Any CPU.Build.0 = Release|Any CPU
		{2206CC25-CB53-4681-BFCB-8EF5AEF17580}.Debug|Any CPU.ActiveCfg = Debug|Any CPU
		{2206CC25-CB53-4681-BFCB-8EF5AEF17580}.Debug|Any CPU.Build.0 = Debug|Any CPU
		{2206CC25-CB53-4681-BFCB-8EF5AEF17580}.Release|Any CPU.ActiveCfg = Release|Any CPU
		{2206CC25-CB53-4681-BFCB-8EF5AEF17580}.Release|Any CPU.Build.0 = Release|Any CPU
	EndGlobalSection
	GlobalSection(SolutionProperties) = preSolution
		HideSolutionNode = FALSE
	EndGlobalSection
	GlobalSection(ExtensibilityGlobals) = postSolution
		SolutionGuid = {245C9575-ADCB-4A26-829F-86AAC09FC423}
	EndGlobalSection
EndGlobal
